
Microsoft Visual Studio Solution File, Format Version 12.00
# Visual Studio Version 17
VisualStudioVersion = 17.9.34701.34
MinimumVisualStudioVersion = 10.0.40219.1
Project("{FAE04EC0-301F-11D3-BF4B-00C04F79EFBC}") = "Игры на WF", "Игры на WF\Игры на WF.csproj", "{BEC0CF43-5B92-466B-912D-CC37703B290D}"
EndProject
Global
	GlobalSection(SolutionConfigurationPlatforms) = preSolution
		Debug|Any CPU = Debug|Any CPU
		Release|Any CPU = Release|Any CPU
	EndGlobalSection
	GlobalSection(ProjectConfigurationPlatforms) = postSolution
		{BEC0CF43-5B92-466B-912D-CC37703B290D}.Debug|Any CPU.ActiveCfg = Debug|Any CPU
		{BEC0CF43-5B92-466B-912D-CC37703B290D}.Debug|Any CPU.Build.0 = Debug|Any CPU
		{BEC0CF43-5B92-466B-912D-CC37703B290D}.Release|Any CPU.ActiveCfg = Release|Any CPU
		{BEC0CF43-5B92-466B-912D-CC37703B290D}.Release|Any CPU.Build.0 = Release|Any CPU
	EndGlobalSection
	GlobalSection(SolutionProperties) = preSolution
		HideSolutionNode = FALSE
	EndGlobalSection
	GlobalSection(ExtensibilityGlobals) = postSolution
		SolutionGuid = {FA96945D-2C2A-4C47-B4C0-442B35283A94}
	EndGlobalSection
EndGlobal
